
Microsoft Visual Studio Solution File, Format Version 12.00
# Visual Studio Version 17
VisualStudioVersion = 17.2.32616.157
MinimumVisualStudioVersion = 10.0.40219.1
Project("{FAE04EC0-301F-11D3-BF4B-00C04F79EFBC}") = "BacklogNotify", "BacklogNotify\BacklogNotify.csproj", "{45AEB95D-300D-4D70-925E-60169F2F40F4}"
EndProject
Global
	GlobalSection(SolutionConfigurationPlatforms) = preSolution
		Debug|Any CPU = Debug|Any CPU
		Release|Any CPU = Release|Any CPU
	EndGlobalSection
	GlobalSection(ProjectConfigurationPlatforms) = postSolution
		{45AEB95D-300D-4D70-925E-60169F2F40F4}.Debug|Any CPU.ActiveCfg = Debug|Any CPU
		{45AEB95D-300D-4D70-925E-60169F2F40F4}.Debug|Any CPU.Build.0 = Debug|Any CPU
		{45AEB95D-300D-4D70-925E-60169F2F40F4}.Release|Any CPU.ActiveCfg = Release|Any CPU
		{45AEB95D-300D-4D70-925E-60169F2F40F4}.Release|Any CPU.Build.0 = Release|Any CPU
	EndGlobalSection
	GlobalSection(SolutionProperties) = preSolution
		HideSolutionNode = FALSE
	EndGlobalSection
	GlobalSection(ExtensibilityGlobals) = postSolution
		SolutionGuid = {B8548F44-29C9-4D99-893A-B2A8B2120502}
	EndGlobalSection
EndGlobal
